// !$*UTF8*$!
{
	archiveVersion = 1;
	classes = {
	};
	objectVersion = 56;
	objects = {

/* Begin PBXBuildFile section */
		CCB145C5296F995A00EBFCF5 /* AppDelegate.swift in Sources */ = {isa = PBXBuildFile; fileRef = CCB145C4296F995A00EBFCF5 /* AppDelegate.swift */; };
		CCB145C7296F995A00EBFCF5 /* SceneDelegate.swift in Sources */ = {isa = PBXBuildFile; fileRef = CCB145C6296F995A00EBFCF5 /* SceneDelegate.swift */; };
		CCB145C9296F995A00EBFCF5 /* ViewController.swift in Sources */ = {isa = PBXBuildFile; fileRef = CCB145C8296F995A00EBFCF5 /* ViewController.swift */; };
		CCB145CC296F995A00EBFCF5 /* Main.storyboard in Resources */ = {isa = PBXBuildFile; fileRef = CCB145CA296F995A00EBFCF5 /* Main.storyboard */; };
		CCB145CE296F995B00EBFCF5 /* Assets.xcassets in Resources */ = {isa = PBXBuildFile; fileRef = CCB145CD296F995B00EBFCF5 /* Assets.xcassets */; };
		CCB145D1296F995B00EBFCF5 /* LaunchScreen.storyboard in Resources */ = {isa = PBXBuildFile; fileRef = CCB145CF296F995B00EBFCF5 /* LaunchScreen.storyboard */; };
		CCB145DC296F995B00EBFCF5 /* JSONPlaceholderToyTests.swift in Sources */ = {isa = PBXBuildFile; fileRef = CCB145DB296F995B00EBFCF5 /* JSONPlaceholderToyTests.swift */; };
		CCB145E6296F995B00EBFCF5 /* JSONPlaceholderToyUITests.swift in Sources */ = {isa = PBXBuildFile; fileRef = CCB145E5296F995B00EBFCF5 /* JSONPlaceholderToyUITests.swift */; };
		CCB145E8296F995B00EBFCF5 /* JSONPlaceholderToyUITestsLaunchTests.swift in Sources */ = {isa = PBXBuildFile; fileRef = CCB145E7296F995B00EBFCF5 /* JSONPlaceholderToyUITestsLaunchTests.swift */; };
/* End PBXBuildFile section */

/* Begin PBXContainerItemProxy section */
		CCB145D8296F995B00EBFCF5 /* PBXContainerItemProxy */ = {
			isa = PBXContainerItemProxy;
			containerPortal = CCB145B9296F995900EBFCF5 /* Project object */;
			proxyType = 1;
			remoteGlobalIDString = CCB145C0296F995A00EBFCF5;
			remoteInfo = JSONPlaceholderToy;
		};
		CCB145E2296F995B00EBFCF5 /* PBXContainerItemProxy */ = {
			isa = PBXContainerItemProxy;
			containerPortal = CCB145B9296F995900EBFCF5 /* Project object */;
			proxyType = 1;
			remoteGlobalIDString = CCB145C0296F995A00EBFCF5;
			remoteInfo = JSONPlaceholderToy;
		};
/* End PBXContainerItemProxy section */

/* Begin PBXFileReference section */
		CCB145C1296F995A00EBFCF5 /* JSONPlaceholderToy.app */ = {isa = PBXFileReference; explicitFileType = wrapper.application; includeInIndex = 0; path = JSONPlaceholderToy.app; sourceTree = BUILT_PRODUCTS_DIR; };
		CCB145C4296F995A00EBFCF5 /* AppDelegate.swift */ = {isa = PBXFileReference; lastKnownFileType = sourcecode.swift; path = AppDelegate.swift; sourceTree = "<group>"; };
		CCB145C6296F995A00EBFCF5 /* SceneDelegate.swift */ = {isa = PBXFileReference; lastKnownFileType = sourcecode.swift; path = SceneDelegate.swift; sourceTree = "<group>"; };
		CCB145C8296F995A00EBFCF5 /* ViewController.swift */ = {isa = PBXFileReference; lastKnownFileType = sourcecode.swift; path = ViewController.swift; sourceTree = "<group>"; };
		CCB145CB296F995A00EBFCF5 /* Base */ = {isa = PBXFileReference; lastKnownFileType = file.storyboard; name = Base; path = Base.lproj/Main.storyboard; sourceTree = "<group>"; };
		CCB145CD296F995B00EBFCF5 /* Assets.xcassets */ = {isa = PBXFileReference; lastKnownFileType = folder.assetcatalog; path = Assets.xcassets; sourceTree = "<group>"; };
		CCB145D0296F995B00EBFCF5 /* Base */ = {isa = PBXFileReference; lastKnownFileType = file.storyboard; name = Base; path = Base.lproj/LaunchScreen.storyboard; sourceTree = "<group>"; };
		CCB145D2296F995B00EBFCF5 /* Info.plist */ = {isa = PBXFileReference; lastKnownFileType = text.plist.xml; path = Info.plist; sourceTree = "<group>"; };
		CCB145D7296F995B00EBFCF5 /* JSONPlaceholderToyTests.xctest */ = {isa = PBXFileReference; explicitFileType = wrapper.cfbundle; includeInIndex = 0; path = JSONPlaceholderToyTests.xctest; sourceTree = BUILT_PRODUCTS_DIR; };
		CCB145DB296F995B00EBFCF5 /* JSONPlaceholderToyTests.swift */ = {isa = PBXFileReference; lastKnownFileType = sourcecode.swift; path = JSONPlaceholderToyTests.swift; sourceTree = "<group>"; };
		CCB145E1296F995B00EBFCF5 /* JSONPlaceholderToyUITests.xctest */ = {isa = PBXFileReference; explicitFileType = wrapper.cfbundle; includeInIndex = 0; path = JSONPlaceholderToyUITests.xctest; sourceTree = BUILT_PRODUCTS_DIR; };
		CCB145E5296F995B00EBFCF5 /* JSONPlaceholderToyUITests.swift */ = {isa = PBXFileReference; lastKnownFileType = sourcecode.swift; path = JSONPlaceholderToyUITests.swift; sourceTree = "<group>"; };
		CCB145E7296F995B00EBFCF5 /* JSONPlaceholderToyUITestsLaunchTests.swift */ = {isa = PBXFileReference; lastKnownFileType = sourcecode.swift; path = JSONPlaceholderToyUITestsLaunchTests.swift; sourceTree = "<group>"; };
/* End PBXFileReference section */

/* Begin PBXFrameworksBuildPhase section */
		CCB145BE296F995A00EBFCF5 /* Frameworks */ = {
			isa = PBXFrameworksBuildPhase;
			buildActionMask = 2147483647;
			files = (
			);
			runOnlyForDeploymentPostprocessing = 0;
		};
		CCB145D4296F995B00EBFCF5 /* Frameworks */ = {
			isa = PBXFrameworksBuildPhase;
			buildActionMask = 2147483647;
			files = (
			);
			runOnlyForDeploymentPostprocessing = 0;
		};
		CCB145DE296F995B00EBFCF5 /* Frameworks */ = {
			isa = PBXFrameworksBuildPhase;
			buildActionMask = 2147483647;
			files = (
			);
			runOnlyForDeploymentPostprocessing = 0;
		};
/* End PBXFrameworksBuildPhase section */

/* Begin PBXGroup section */
		CCB145B8296F995900EBFCF5 = {
			isa = PBXGroup;
			children = (
				CCB145C3296F995A00EBFCF5 /* JSONPlaceholderToy */,
				CCB145DA296F995B00EBFCF5 /* JSONPlaceholderToyTests */,
				CCB145E4296F995B00EBFCF5 /* JSONPlaceholderToyUITests */,
				CCB145C2296F995A00EBFCF5 /* Products */,
			);
			sourceTree = "<group>";
		};
		CCB145C2296F995A00EBFCF5 /* Products */ = {
			isa = PBXGroup;
			children = (
				CCB145C1296F995A00EBFCF5 /* JSONPlaceholderToy.app */,
				CCB145D7296F995B00EBFCF5 /* JSONPlaceholderToyTests.xctest */,
				CCB145E1296F995B00EBFCF5 /* JSONPlaceholderToyUITests.xctest */,
			);
			name = Products;
			sourceTree = "<group>";
		};
		CCB145C3296F995A00EBFCF5 /* JSONPlaceholderToy */ = {
			isa = PBXGroup;
			children = (
				CCB145C4296F995A00EBFCF5 /* AppDelegate.swift */,
				CCB145C6296F995A00EBFCF5 /* SceneDelegate.swift */,
				CCB145C8296F995A00EBFCF5 /* ViewController.swift */,
				CCB145CA296F995A00EBFCF5 /* Main.storyboard */,
				CCB145CD296F995B00EBFCF5 /* Assets.xcassets */,
				CCB145CF296F995B00EBFCF5 /* LaunchScreen.storyboard */,
				CCB145D2296F995B00EBFCF5 /* Info.plist */,
			);
			path = JSONPlaceholderToy;
			sourceTree = "<group>";
		};
		CCB145DA296F995B00EBFCF5 /* JSONPlaceholderToyTests */ = {
			isa = PBXGroup;
			children = (
				CCB145DB296F995B00EBFCF5 /* JSONPlaceholderToyTests.swift */,
			);
			path = JSONPlaceholderToyTests;
			sourceTree = "<group>";
		};
		CCB145E4296F995B00EBFCF5 /* JSONPlaceholderToyUITests */ = {
			isa = PBXGroup;
			children = (
				CCB145E5296F995B00EBFCF5 /* JSONPlaceholderToyUITests.swift */,
				CCB145E7296F995B00EBFCF5 /* JSONPlaceholderToyUITestsLaunchTests.swift */,
			);
			path = JSONPlaceholderToyUITests;
			sourceTree = "<group>";
		};
/* End PBXGroup section */

/* Begin PBXNativeTarget section */
		CCB145C0296F995A00EBFCF5 /* JSONPlaceholderToy */ = {
			isa = PBXNativeTarget;
			buildConfigurationList = CCB145EB296F995B00EBFCF5 /* Build configuration list for PBXNativeTarget "JSONPlaceholderToy" */;
			buildPhases = (
				CCB145BD296F995A00EBFCF5 /* Sources */,
				CCB145BE296F995A00EBFCF5 /* Frameworks */,
				CCB145BF296F995A00EBFCF5 /* Resources */,
			);
			buildRules = (
			);
			dependencies = (
			);
			name = JSONPlaceholderToy;
			productName = JSONPlaceholderToy;
			productReference = CCB145C1296F995A00EBFCF5 /* JSONPlaceholderToy.app */;
			productType = "com.apple.product-type.application";
		};
		CCB145D6296F995B00EBFCF5 /* JSONPlaceholderToyTests */ = {
			isa = PBXNativeTarget;
			buildConfigurationList = CCB145EE296F995B00EBFCF5 /* Build configuration list for PBXNativeTarget "JSONPlaceholderToyTests" */;
			buildPhases = (
				CCB145D3296F995B00EBFCF5 /* Sources */,
				CCB145D4296F995B00EBFCF5 /* Frameworks */,
				CCB145D5296F995B00EBFCF5 /* Resources */,
			);
			buildRules = (
			);
			dependencies = (
				CCB145D9296F995B00EBFCF5 /* PBXTargetDependency */,
			);
			name = JSONPlaceholderToyTests;
			productName = JSONPlaceholderToyTests;
			productReference = CCB145D7296F995B00EBFCF5 /* JSONPlaceholderToyTests.xctest */;
			productType = "com.apple.product-type.bundle.unit-test";
		};
		CCB145E0296F995B00EBFCF5 /* JSONPlaceholderToyUITests */ = {
			isa = PBXNativeTarget;
			buildConfigurationList = CCB145F1296F995B00EBFCF5 /* Build configuration list for PBXNativeTarget "JSONPlaceholderToyUITests" */;
			buildPhases = (
				CCB145DD296F995B00EBFCF5 /* Sources */,
				CCB145DE296F995B00EBFCF5 /* Frameworks */,
				CCB145DF296F995B00EBFCF5 /* Resources */,
			);
			buildRules = (
			);
			dependencies = (
				CCB145E3296F995B00EBFCF5 /* PBXTargetDependency */,
			);
			name = JSONPlaceholderToyUITests;
			productName = JSONPlaceholderToyUITests;
			productReference = CCB145E1296F995B00EBFCF5 /* JSONPlaceholderToyUITests.xctest */;
			productType = "com.apple.product-type.bundle.ui-testing";
		};
/* End PBXNativeTarget section */

/* Begin PBXProject section */
		CCB145B9296F995900EBFCF5 /* Project object */ = {
			isa = PBXProject;
			attributes = {
				BuildIndependentTargetsInParallel = 1;
				LastSwiftUpdateCheck = 1400;
				LastUpgradeCheck = 1400;
				TargetAttributes = {
					CCB145C0296F995A00EBFCF5 = {
						CreatedOnToolsVersion = 14.0.1;
					};
					CCB145D6296F995B00EBFCF5 = {
						CreatedOnToolsVersion = 14.0.1;
						TestTargetID = CCB145C0296F995A00EBFCF5;
					};
					CCB145E0296F995B00EBFCF5 = {
						CreatedOnToolsVersion = 14.0.1;
						TestTargetID = CCB145C0296F995A00EBFCF5;
					};
				};
			};
			buildConfigurationList = CCB145BC296F995900EBFCF5 /* Build configuration list for PBXProject "JSONPlaceholderToy" */;
			compatibilityVersion = "Xcode 14.0";
			developmentRegion = en;
			hasScannedForEncodings = 0;
			knownRegions = (
				en,
				Base,
			);
			mainGroup = CCB145B8296F995900EBFCF5;
			productRefGroup = CCB145C2296F995A00EBFCF5 /* Products */;
			projectDirPath = "";
			projectRoot = "";
			targets = (
				CCB145C0296F995A00EBFCF5 /* JSONPlaceholderToy */,
				CCB145D6296F995B00EBFCF5 /* JSONPlaceholderToyTests */,
				CCB145E0296F995B00EBFCF5 /* JSONPlaceholderToyUITests */,
			);
		};
/* End PBXProject section */

/* Begin PBXResourcesBuildPhase section */
		CCB145BF296F995A00EBFCF5 /* Resources */ = {
			isa = PBXResourcesBuildPhase;
			buildActionMask = 2147483647;
			files = (
				CCB145D1296F995B00EBFCF5 /* LaunchScreen.storyboard in Resources */,
				CCB145CE296F995B00EBFCF5 /* Assets.xcassets in Resources */,
				CCB145CC296F995A00EBFCF5 /* Main.storyboard in Resources */,
			);
			runOnlyForDeploymentPostprocessing = 0;
		};
		CCB145D5296F995B00EBFCF5 /* Resources */ = {
			isa = PBXResourcesBuildPhase;
			buildActionMask = 2147483647;
			files = (
			);
			runOnlyForDeploymentPostprocessing = 0;
		};
		CCB145DF296F995B00EBFCF5 /* Resources */ = {
			isa = PBXResourcesBuildPhase;
			buildActionMask = 2147483647;
			files = (
			);
			runOnlyForDeploymentPostprocessing = 0;
		};
/* End PBXResourcesBuildPhase section */

/* Begin PBXSourcesBuildPhase section */
		CCB145BD296F995A00EBFCF5 /* Sources */ = {
			isa = PBXSourcesBuildPhase;
			buildActionMask = 2147483647;
			files = (
				CCB145C9296F995A00EBFCF5 /* ViewController.swift in Sources */,
				CCB145C5296F995A00EBFCF5 /* AppDelegate.swift in Sources */,
				CCB145C7296F995A00EBFCF5 /* SceneDelegate.swift in Sources */,
			);
			runOnlyForDeploymentPostprocessing = 0;
		};
		CCB145D3296F995B00EBFCF5 /* Sources */ = {
			isa = PBXSourcesBuildPhase;
			buildActionMask = 2147483647;
			files = (
				CCB145DC296F995B00EBFCF5 /* JSONPlaceholderToyTests.swift in Sources */,
			);
			runOnlyForDeploymentPostprocessing = 0;
		};
		CCB145DD296F995B00EBFCF5 /* Sources */ = {
			isa = PBXSourcesBuildPhase;
			buildActionMask = 2147483647;
			files = (
				CCB145E6296F995B00EBFCF5 /* JSONPlaceholderToyUITests.swift in Sources */,
				CCB145E8296F995B00EBFCF5 /* JSONPlaceholderToyUITestsLaunchTests.swift in Sources */,
			);
			runOnlyForDeploymentPostprocessing = 0;
		};
/* End PBXSourcesBuildPhase section */

/* Begin PBXTargetDependency section */
		CCB145D9296F995B00EBFCF5 /* PBXTargetDependency */ = {
			isa = PBXTargetDependency;
			target = CCB145C0296F995A00EBFCF5 /* JSONPlaceholderToy */;
			targetProxy = CCB145D8296F995B00EBFCF5 /* PBXContainerItemProxy */;
		};
		CCB145E3296F995B00EBFCF5 /* PBXTargetDependency */ = {
			isa = PBXTargetDependency;
			target = CCB145C0296F995A00EBFCF5 /* JSONPlaceholderToy */;
			targetProxy = CCB145E2296F995B00EBFCF5 /* PBXContainerItemProxy */;
		};
/* End PBXTargetDependency section */

/* Begin PBXVariantGroup section */
		CCB145CA296F995A00EBFCF5 /* Main.storyboard */ = {
			isa = PBXVariantGroup;
			children = (
				CCB145CB296F995A00EBFCF5 /* Base */,
			);
			name = Main.storyboard;
			sourceTree = "<group>";
		};
		CCB145CF296F995B00EBFCF5 /* LaunchScreen.storyboard */ = {
			isa = PBXVariantGroup;
			children = (
				CCB145D0296F995B00EBFCF5 /* Base */,
			);
			name = LaunchScreen.storyboard;
			sourceTree = "<group>";
		};
/* End PBXVariantGroup section */

/* Begin XCBuildConfiguration section */
		CCB145E9296F995B00EBFCF5 /* Debug */ = {
			isa = XCBuildConfiguration;
			buildSettings = {
				ALWAYS_SEARCH_USER_PATHS = NO;
				CLANG_ANALYZER_NONNULL = YES;
				CLANG_ANALYZER_NUMBER_OBJECT_CONVERSION = YES_AGGRESSIVE;
				CLANG_CXX_LANGUAGE_STANDARD = "gnu++20";
				CLANG_ENABLE_MODULES = YES;
				CLANG_ENABLE_OBJC_ARC = YES;
				CLANG_ENABLE_OBJC_WEAK = YES;
				CLANG_WARN_BLOCK_CAPTURE_AUTORELEASING = YES;
				CLANG_WARN_BOOL_CONVERSION = YES;
				CLANG_WARN_COMMA = YES;
				CLANG_WARN_CONSTANT_CONVERSION = YES;
				CLANG_WARN_DEPRECATED_OBJC_IMPLEMENTATIONS = YES;
				CLANG_WARN_DIRECT_OBJC_ISA_USAGE = YES_ERROR;
				CLANG_WARN_DOCUMENTATION_COMMENTS = YES;
				CLANG_WARN_EMPTY_BODY = YES;
				CLANG_WARN_ENUM_CONVERSION = YES;
				CLANG_WARN_INFINITE_RECURSION = YES;
				CLANG_WARN_INT_CONVERSION = YES;
				CLANG_WARN_NON_LITERAL_NULL_CONVERSION = YES;
				CLANG_WARN_OBJC_IMPLICIT_RETAIN_SELF = YES;
				CLANG_WARN_OBJC_LITERAL_CONVERSION = YES;
				CLANG_WARN_OBJC_ROOT_CLASS = YES_ERROR;
				CLANG_WARN_QUOTED_INCLUDE_IN_FRAMEWORK_HEADER = YES;
				CLANG_WARN_RANGE_LOOP_ANALYSIS = YES;
				CLANG_WARN_STRICT_PROTOTYPES = YES;
				CLANG_WARN_SUSPICIOUS_MOVE = YES;
				CLANG_WARN_UNGUARDED_AVAILABILITY = YES_AGGRESSIVE;
				CLANG_WARN_UNREACHABLE_CODE = YES;
				CLANG_WARN__DUPLICATE_METHOD_MATCH = YES;
				COPY_PHASE_STRIP = NO;
				DEBUG_INFORMATION_FORMAT = dwarf;
				ENABLE_STRICT_OBJC_MSGSEND = YES;
				ENABLE_TESTABILITY = YES;
				GCC_C_LANGUAGE_STANDARD = gnu11;
				GCC_DYNAMIC_NO_PIC = NO;
				GCC_NO_COMMON_BLOCKS = YES;
				GCC_OPTIMIZATION_LEVEL = 0;
				GCC_PREPROCESSOR_DEFINITIONS = (
					"DEBUG=1",
					"$(inherited)",
				);
				GCC_WARN_64_TO_32_BIT_CONVERSION = YES;
				GCC_WARN_ABOUT_RETURN_TYPE = YES_ERROR;
				GCC_WARN_UNDECLARED_SELECTOR = YES;
				GCC_WARN_UNINITIALIZED_AUTOS = YES_AGGRESSIVE;
				GCC_WARN_UNUSED_FUNCTION = YES;
				GCC_WARN_UNUSED_VARIABLE = YES;
				IPHONEOS_DEPLOYMENT_TARGET = 16.0;
				MTL_ENABLE_DEBUG_INFO = INCLUDE_SOURCE;
				MTL_FAST_MATH = YES;
				ONLY_ACTIVE_ARCH = YES;
				SDKROOT = iphoneos;
				SWIFT_ACTIVE_COMPILATION_CONDITIONS = DEBUG;
				SWIFT_OPTIMIZATION_LEVEL = "-Onone";
			};
			name = Debug;
		};
		CCB145EA296F995B00EBFCF5 /* Release */ = {
			isa = XCBuildConfiguration;
			buildSettings = {
				ALWAYS_SEARCH_USER_PATHS = NO;
				CLANG_ANALYZER_NONNULL = YES;
				CLANG_ANALYZER_NUMBER_OBJECT_CONVERSION = YES_AGGRESSIVE;
				CLANG_CXX_LANGUAGE_STANDARD = "gnu++20";
				CLANG_ENABLE_MODULES = YES;
				CLANG_ENABLE_OBJC_ARC = YES;
				CLANG_ENABLE_OBJC_WEAK = YES;
				CLANG_WARN_BLOCK_CAPTURE_AUTORELEASING = YES;
				CLANG_WARN_BOOL_CONVERSION = YES;
				CLANG_WARN_COMMA = YES;
				CLANG_WARN_CONSTANT_CONVERSION = YES;
				CLANG_WARN_DEPRECATED_OBJC_IMPLEMENTATIONS = YES;
				CLANG_WARN_DIRECT_OBJC_ISA_USAGE = YES_ERROR;
				CLANG_WARN_DOCUMENTATION_COMMENTS = YES;
				CLANG_WARN_EMPTY_BODY = YES;
				CLANG_WARN_ENUM_CONVERSION = YES;
				CLANG_WARN_INFINITE_RECURSION = YES;
				CLANG_WARN_INT_CONVERSION = YES;
				CLANG_WARN_NON_LITERAL_NULL_CONVERSION = YES;
				CLANG_WARN_OBJC_IMPLICIT_RETAIN_SELF = YES;
				CLANG_WARN_OBJC_LITERAL_CONVERSION = YES;
				CLANG_WARN_OBJC_ROOT_CLASS = YES_ERROR;
				CLANG_WARN_QUOTED_INCLUDE_IN_FRAMEWORK_HEADER = YES;
				CLANG_WARN_RANGE_LOOP_ANALYSIS = YES;
				CLANG_WARN_STRICT_PROTOTYPES = YES;
				CLANG_WARN_SUSPICIOUS_MOVE = YES;
				CLANG_WARN_UNGUARDED_AVAILABILITY = YES_AGGRESSIVE;
				CLANG_WARN_UNREACHABLE_CODE = YES;
				CLANG_WARN__DUPLICATE_METHOD_MATCH = YES;
				COPY_PHASE_STRIP = NO;
				DEBUG_INFORMATION_FORMAT = "dwarf-with-dsym";
				ENABLE_NS_ASSERTIONS = NO;
				ENABLE_STRICT_OBJC_MSGSEND = YES;
				GCC_C_LANGUAGE_STANDARD = gnu11;
				GCC_NO_COMMON_BLOCKS = YES;
				GCC_WARN_64_TO_32_BIT_CONVERSION = YES;
				GCC_WARN_ABOUT_RETURN_TYPE = YES_ERROR;
				GCC_WARN_UNDECLARED_SELECTOR = YES;
				GCC_WARN_UNINITIALIZED_AUTOS = YES_AGGRESSIVE;
				GCC_WARN_UNUSED_FUNCTION = YES;
				GCC_WARN_UNUSED_VARIABLE = YES;
				IPHONEOS_DEPLOYMENT_TARGET = 16.0;
				MTL_ENABLE_DEBUG_INFO = NO;
				MTL_FAST_MATH = YES;
				SDKROOT = iphoneos;
				SWIFT_COMPILATION_MODE = wholemodule;
				SWIFT_OPTIMIZATION_LEVEL = "-O";
				VALIDATE_PRODUCT = YES;
			};
			name = Release;
		};
		CCB145EC296F995B00EBFCF5 /* Debug */ = {
			isa = XCBuildConfiguration;
			buildSettings = {
				ASSETCATALOG_COMPILER_APPICON_NAME = AppIcon;
				ASSETCATALOG_COMPILER_GLOBAL_ACCENT_COLOR_NAME = AccentColor;
				CODE_SIGN_STYLE = Automatic;
				CURRENT_PROJECT_VERSION = 1;
				DEVELOPMENT_TEAM = Z7TKNK6E42;
				GENERATE_INFOPLIST_FILE = YES;
				INFOPLIST_FILE = JSONPlaceholderToy/Info.plist;
				INFOPLIST_KEY_UIApplicationSupportsIndirectInputEvents = YES;
				INFOPLIST_KEY_UILaunchStoryboardName = LaunchScreen;
				INFOPLIST_KEY_UIMainStoryboardFile = Main;
				INFOPLIST_KEY_UISupportedInterfaceOrientations_iPad = "UIInterfaceOrientationPortrait UIInterfaceOrientationPortraitUpsideDown UIInterfaceOrientationLandscapeLeft UIInterfaceOrientationLandscapeRight";
				INFOPLIST_KEY_UISupportedInterfaceOrientations_iPhone = "UIInterfaceOrientationPortrait UIInterfaceOrientationLandscapeLeft UIInterfaceOrientationLandscapeRight";
				LD_RUNPATH_SEARCH_PATHS = (
					"$(inherited)",
					"@executable_path/Frameworks",
				);
				MARKETING_VERSION = 1.0;
				PRODUCT_BUNDLE_IDENTIFIER = com.desugaring.JSONPlaceholderToy;
				PRODUCT_NAME = "$(TARGET_NAME)";
				SWIFT_EMIT_LOC_STRINGS = YES;
				SWIFT_VERSION = 5.0;
				TARGETED_DEVICE_FAMILY = "1,2";
			};
			name = Debug;
		};
		CCB145ED296F995B00EBFCF5 /* Release */ = {
			isa = XCBuildConfiguration;
			buildSettings = {
				ASSETCATALOG_COMPILER_APPICON_NAME = AppIcon;
				ASSETCATALOG_COMPILER_GLOBAL_ACCENT_COLOR_NAME = AccentColor;
				CODE_SIGN_STYLE = Automatic;
				CURRENT_PROJECT_VERSION = 1;
				DEVELOPMENT_TEAM = Z7TKNK6E42;
				GENERATE_INFOPLIST_FILE = YES;
				INFOPLIST_FILE = JSONPlaceholderToy/Info.plist;
				INFOPLIST_KEY_UIApplicationSupportsIndirectInputEvents = YES;
				INFOPLIST_KEY_UILaunchStoryboardName = LaunchScreen;
				INFOPLIST_KEY_UIMainStoryboardFile = Main;
				INFOPLIST_KEY_UISupportedInterfaceOrientations_iPad = "UIInterfaceOrientationPortrait UIInterfaceOrientationPortraitUpsideDown UIInterfaceOrientationLandscapeLeft UIInterfaceOrientationLandscapeRight";
				INFOPLIST_KEY_UISupportedInterfaceOrientations_iPhone = "UIInterfaceOrientationPortrait UIInterfaceOrientationLandscapeLeft UIInterfaceOrientationLandscapeRight";
				LD_RUNPATH_SEARCH_PATHS = (
					"$(inherited)",
					"@executable_path/Frameworks",
				);
				MARKETING_VERSION = 1.0;
				PRODUCT_BUNDLE_IDENTIFIER = com.desugaring.JSONPlaceholderToy;
				PRODUCT_NAME = "$(TARGET_NAME)";
				SWIFT_EMIT_LOC_STRINGS = YES;
				SWIFT_VERSION = 5.0;
				TARGETED_DEVICE_FAMILY = "1,2";
			};
			name = Release;
		};
		CCB145EF296F995B00EBFCF5 /* Debug */ = {
			isa = XCBuildConfiguration;
			buildSettings = {
				ALWAYS_EMBED_SWIFT_STANDARD_LIBRARIES = YES;
				BUNDLE_LOADER = "$(TEST_HOST)";
				CODE_SIGN_STYLE = Automatic;
				CURRENT_PROJECT_VERSION = 1;
				DEVELOPMENT_TEAM = Z7TKNK6E42;
				GENERATE_INFOPLIST_FILE = YES;
				IPHONEOS_DEPLOYMENT_TARGET = 16.0;
				MARKETING_VERSION = 1.0;
				PRODUCT_BUNDLE_IDENTIFIER = com.desugaring.JSONPlaceholderToyTests;
				PRODUCT_NAME = "$(TARGET_NAME)";
				SWIFT_EMIT_LOC_STRINGS = NO;
				SWIFT_VERSION = 5.0;
				TARGETED_DEVICE_FAMILY = "1,2";
				TEST_HOST = "$(BUILT_PRODUCTS_DIR)/JSONPlaceholderToy.app/$(BUNDLE_EXECUTABLE_FOLDER_PATH)/JSONPlaceholderToy";
			};
			name = Debug;
		};
		CCB145F0296F995B00EBFCF5 /* Release */ = {
			isa = XCBuildConfiguration;
			buildSettings = {
				ALWAYS_EMBED_SWIFT_STANDARD_LIBRARIES = YES;
				BUNDLE_LOADER = "$(TEST_HOST)";
				CODE_SIGN_STYLE = Automatic;
				CURRENT_PROJECT_VERSION = 1;
				DEVELOPMENT_TEAM = Z7TKNK6E42;
				GENERATE_INFOPLIST_FILE = YES;
				IPHONEOS_DEPLOYMENT_TARGET = 16.0;
				MARKETING_VERSION = 1.0;
				PRODUCT_BUNDLE_IDENTIFIER = com.desugaring.JSONPlaceholderToyTests;
				PRODUCT_NAME = "$(TARGET_NAME)";
				SWIFT_EMIT_LOC_STRINGS = NO;
				SWIFT_VERSION = 5.0;
				TARGETED_DEVICE_FAMILY = "1,2";
				TEST_HOST = "$(BUILT_PRODUCTS_DIR)/JSONPlaceholderToy.app/$(BUNDLE_EXECUTABLE_FOLDER_PATH)/JSONPlaceholderToy";
			};
			name = Release;
		};
		CCB145F2296F995B00EBFCF5 /* Debug */ = {
			isa = XCBuildConfiguration;
			buildSettings = {
				ALWAYS_EMBED_SWIFT_STANDARD_LIBRARIES = YES;
				CODE_SIGN_STYLE = Automatic;
				CURRENT_PROJECT_VERSION = 1;
				DEVELOPMENT_TEAM = Z7TKNK6E42;
				GENERATE_INFOPLIST_FILE = YES;
				MARKETING_VERSION = 1.0;
				PRODUCT_BUNDLE_IDENTIFIER = com.desugaring.JSONPlaceholderToyUITests;
				PRODUCT_NAME = "$(TARGET_NAME)";
				SWIFT_EMIT_LOC_STRINGS = NO;
				SWIFT_VERSION = 5.0;
				TARGETED_DEVICE_FAMILY = "1,2";
				TEST_TARGET_NAME = JSONPlaceholderToy;
			};
			name = Debug;
		};
		CCB145F3296F995B00EBFCF5 /* Release */ = {
			isa = XCBuildConfiguration;
			buildSettings = {
				ALWAYS_EMBED_SWIFT_STANDARD_LIBRARIES = YES;
				CODE_SIGN_STYLE = Automatic;
				CURRENT_PROJECT_VERSION = 1;
				DEVELOPMENT_TEAM = Z7TKNK6E42;
				GENERATE_INFOPLIST_FILE = YES;
				MARKETING_VERSION = 1.0;
				PRODUCT_BUNDLE_IDENTIFIER = com.desugaring.JSONPlaceholderToyUITests;
				PRODUCT_NAME = "$(TARGET_NAME)";
				SWIFT_EMIT_LOC_STRINGS = NO;
				SWIFT_VERSION = 5.0;
				TARGETED_DEVICE_FAMILY = "1,2";
				TEST_TARGET_NAME = JSONPlaceholderToy;
			};
			name = Release;
		};
/* End XCBuildConfiguration section */

/* Begin XCConfigurationList section */
		CCB145BC296F995900EBFCF5 /* Build configuration list for PBXProject "JSONPlaceholderToy" */ = {
			isa = XCConfigurationList;
			buildConfigurations = (
				CCB145E9296F995B00EBFCF5 /* Debug */,
				CCB145EA296F995B00EBFCF5 /* Release */,
			);
			defaultConfigurationIsVisible = 0;
			defaultConfigurationName = Release;
		};
		CCB145EB296F995B00EBFCF5 /* Build configuration list for PBXNativeTarget "JSONPlaceholderToy" */ = {
			isa = XCConfigurationList;
			buildConfigurations = (
				CCB145EC296F995B00EBFCF5 /* Debug */,
				CCB145ED296F995B00EBFCF5 /* Release */,
			);
			defaultConfigurationIsVisible = 0;
			defaultConfigurationName = Release;
		};
		CCB145EE296F995B00EBFCF5 /* Build configuration list for PBXNativeTarget "JSONPlaceholderToyTests" */ = {
			isa = XCConfigurationList;
			buildConfigurations = (
				CCB145EF296F995B00EBFCF5 /* Debug */,
				CCB145F0296F995B00EBFCF5 /* Release */,
			);
			defaultConfigurationIsVisible = 0;
			defaultConfigurationName = Release;
		};
		CCB145F1296F995B00EBFCF5 /* Build configuration list for PBXNativeTarget "JSONPlaceholderToyUITests" */ = {
			isa = XCConfigurationList;
			buildConfigurations = (
				CCB145F2296F995B00EBFCF5 /* Debug */,
				CCB145F3296F995B00EBFCF5 /* Release */,
			);
			defaultConfigurationIsVisible = 0;
			defaultConfigurationName = Release;
		};
/* End XCConfigurationList section */
	};
	rootObject = CCB145B9296F995900EBFCF5 /* Project object */;
}
